// !$*UTF8*$!
{
	archiveVersion = 1;
	classes = {
	};
	objectVersion = 48;
	objects = {

/* Begin PBXBuildFile section */
		9800156F2006372D00785AF8 /* LDLocalConfigure.m in Sources */ = {isa = PBXBuildFile; fileRef = 9800156E2006372D00785AF8 /* LDLocalConfigure.m */; };
		987CA31720A5D5940008AC87 /* AppDelegate.m in Sources */ = {isa = PBXBuildFile; fileRef = 987CA31620A5D5940008AC87 /* AppDelegate.m */; };
		987CA31920A5D5940008AC87 /* Assets.xcassets in Resources */ = {isa = PBXBuildFile; fileRef = 987CA31820A5D5940008AC87 /* Assets.xcassets */; };
		987CA31C20A5D5940008AC87 /* MainMenu.xib in Resources */ = {isa = PBXBuildFile; fileRef = 987CA31A20A5D5940008AC87 /* MainMenu.xib */; };
		987CA31F20A5D5940008AC87 /* main.m in Sources */ = {isa = PBXBuildFile; fileRef = 987CA31E20A5D5940008AC87 /* main.m */; };
		987CA32420A5D8ED0008AC87 /* LDSuperProtector.m in Sources */ = {isa = PBXBuildFile; fileRef = 98AB70CF200D045A006FA54C /* LDSuperProtector.m */; };
		987CA32520A5D8ED0008AC87 /* LDLocalConfigure.m in Sources */ = {isa = PBXBuildFile; fileRef = 9800156E2006372D00785AF8 /* LDLocalConfigure.m */; };
		987CA32620A5D8ED0008AC87 /* LDProcessKeeper.mm in Sources */ = {isa = PBXBuildFile; fileRef = 98DF00252005238800B4B3C2 /* LDProcessKeeper.mm */; };
		987CA32720A5D8ED0008AC87 /* VDKQueue.m in Sources */ = {isa = PBXBuildFile; fileRef = 98F634E120009EFE00196023 /* VDKQueue.m */; settings = {COMPILER_FLAGS = "-fno-objc-arc"; }; };
		987CA32820A5D8ED0008AC87 /* LDFileKeeper.m in Sources */ = {isa = PBXBuildFile; fileRef = 98F634DD2000988E00196023 /* LDFileKeeper.m */; };
		987CA32920A5D8ED0008AC87 /* RunScript.m in Sources */ = {isa = PBXBuildFile; fileRef = 98AB70E7200E2CBD006FA54C /* RunScript.m */; };
		98AB70D0200D045A006FA54C /* LDSuperProtector.m in Sources */ = {isa = PBXBuildFile; fileRef = 98AB70CF200D045A006FA54C /* LDSuperProtector.m */; };
		98AB70E9200E2CBE006FA54C /* RunScript.m in Sources */ = {isa = PBXBuildFile; fileRef = 98AB70E7200E2CBD006FA54C /* RunScript.m */; };
		98DF00272005238800B4B3C2 /* LDProcessKeeper.mm in Sources */ = {isa = PBXBuildFile; fileRef = 98DF00252005238800B4B3C2 /* LDProcessKeeper.mm */; };
		98F634D62000963700196023 /* main.m in Sources */ = {isa = PBXBuildFile; fileRef = 98F634D52000963700196023 /* main.m */; };
		98F634DE2000988E00196023 /* LDFileKeeper.m in Sources */ = {isa = PBXBuildFile; fileRef = 98F634DD2000988E00196023 /* LDFileKeeper.m */; };
		98F634E320009EFE00196023 /* VDKQueue.m in Sources */ = {isa = PBXBuildFile; fileRef = 98F634E120009EFE00196023 /* VDKQueue.m */; settings = {COMPILER_FLAGS = "-fno-objc-arc"; }; };
/* End PBXBuildFile section */

/* Begin PBXCopyFilesBuildPhase section */
		98F634D02000963700196023 /* CopyFiles */ = {
			isa = PBXCopyFilesBuildPhase;
			buildActionMask = 2147483647;
			dstPath = /usr/share/man/man1/;
			dstSubfolderSpec = 0;
			files = (
			);
			runOnlyForDeploymentPostprocessing = 1;
		};
/* End PBXCopyFilesBuildPhase section */

/* Begin PBXFileReference section */
		9800156D2006372D00785AF8 /* LDLocalConfigure.h */ = {isa = PBXFileReference; lastKnownFileType = sourcecode.c.h; path = LDLocalConfigure.h; sourceTree = "<group>"; };
		9800156E2006372D00785AF8 /* LDLocalConfigure.m */ = {isa = PBXFileReference; lastKnownFileType = sourcecode.c.objc; path = LDLocalConfigure.m; sourceTree = "<group>"; };
		987CA31320A5D5940008AC87 /* lanced2.app */ = {isa = PBXFileReference; explicitFileType = wrapper.application; includeInIndex = 0; path = lanced2.app; sourceTree = BUILT_PRODUCTS_DIR; };
		987CA31520A5D5940008AC87 /* AppDelegate.h */ = {isa = PBXFileReference; lastKnownFileType = sourcecode.c.h; path = AppDelegate.h; sourceTree = "<group>"; };
		987CA31620A5D5940008AC87 /* AppDelegate.m */ = {isa = PBXFileReference; lastKnownFileType = sourcecode.c.objc; path = AppDelegate.m; sourceTree = "<group>"; };
		987CA31820A5D5940008AC87 /* Assets.xcassets */ = {isa = PBXFileReference; lastKnownFileType = folder.assetcatalog; path = Assets.xcassets; sourceTree = "<group>"; };
		987CA31B20A5D5940008AC87 /* Base */ = {isa = PBXFileReference; lastKnownFileType = file.xib; name = Base; path = Base.lproj/MainMenu.xib; sourceTree = "<group>"; };
		987CA31D20A5D5940008AC87 /* Info.plist */ = {isa = PBXFileReference; lastKnownFileType = text.plist.xml; path = Info.plist; sourceTree = "<group>"; };
		987CA31E20A5D5940008AC87 /* main.m */ = {isa = PBXFileReference; lastKnownFileType = sourcecode.c.objc; path = main.m; sourceTree = "<group>"; };
		98AB70CE200D045A006FA54C /* LDSuperProtector.h */ = {isa = PBXFileReference; lastKnownFileType = sourcecode.c.h; path = LDSuperProtector.h; sourceTree = "<group>"; };
		98AB70CF200D045A006FA54C /* LDSuperProtector.m */ = {isa = PBXFileReference; lastKnownFileType = sourcecode.c.objc; path = LDSuperProtector.m; sourceTree = "<group>"; };
		98AB70E7200E2CBD006FA54C /* RunScript.m */ = {isa = PBXFileReference; fileEncoding = 4; lastKnownFileType = sourcecode.c.objc; path = RunScript.m; sourceTree = "<group>"; };
		98AB70E8200E2CBE006FA54C /* RunScript.h */ = {isa = PBXFileReference; fileEncoding = 4; lastKnownFileType = sourcecode.c.h; path = RunScript.h; sourceTree = "<group>"; };
		98AB70EA200E4504006FA54C /* LDConfigure.plist */ = {isa = PBXFileReference; fileEncoding = 4; lastKnownFileType = text.plist.xml; path = LDConfigure.plist; sourceTree = "<group>"; };
		98DF00252005238800B4B3C2 /* LDProcessKeeper.mm */ = {isa = PBXFileReference; fileEncoding = 4; lastKnownFileType = sourcecode.cpp.objcpp; path = LDProcessKeeper.mm; sourceTree = "<group>"; };
		98DF00262005238800B4B3C2 /* LDProcessKeeper.h */ = {isa = PBXFileReference; fileEncoding = 4; lastKnownFileType = sourcecode.c.h; path = LDProcessKeeper.h; sourceTree = "<group>"; };
		98F634D22000963700196023 /* lanced */ = {isa = PBXFileReference; explicitFileType = "compiled.mach-o.executable"; includeInIndex = 0; path = lanced; sourceTree = BUILT_PRODUCTS_DIR; };
		98F634D52000963700196023 /* main.m */ = {isa = PBXFileReference; lastKnownFileType = sourcecode.c.objc; path = main.m; sourceTree = "<group>"; };
		98F634DC2000988E00196023 /* LDFileKeeper.h */ = {isa = PBXFileReference; lastKnownFileType = sourcecode.c.h; path = LDFileKeeper.h; sourceTree = "<group>"; };
		98F634DD2000988E00196023 /* LDFileKeeper.m */ = {isa = PBXFileReference; lastKnownFileType = sourcecode.c.objc; path = LDFileKeeper.m; sourceTree = "<group>"; };
		98F634E120009EFE00196023 /* VDKQueue.m */ = {isa = PBXFileReference; fileEncoding = 4; lastKnownFileType = sourcecode.c.objc; path = VDKQueue.m; sourceTree = "<group>"; };
		98F634E220009EFE00196023 /* VDKQueue.h */ = {isa = PBXFileReference; fileEncoding = 4; lastKnownFileType = sourcecode.c.h; path = VDKQueue.h; sourceTree = "<group>"; };
/* End PBXFileReference section */

/* Begin PBXFrameworksBuildPhase section */
		987CA31020A5D5940008AC87 /* Frameworks */ = {
			isa = PBXFrameworksBuildPhase;
			buildActionMask = 2147483647;
			files = (
			);
			runOnlyForDeploymentPostprocessing = 0;
		};
		98F634CF2000963700196023 /* Frameworks */ = {
			isa = PBXFrameworksBuildPhase;
			buildActionMask = 2147483647;
			files = (
			);
			runOnlyForDeploymentPostprocessing = 0;
		};
/* End PBXFrameworksBuildPhase section */

/* Begin PBXGroup section */
		9800156C2006346200785AF8 /* localConfigure */ = {
			isa = PBXGroup;
			children = (
				9800156D2006372D00785AF8 /* LDLocalConfigure.h */,
				9800156E2006372D00785AF8 /* LDLocalConfigure.m */,
			);
			name = localConfigure;
			sourceTree = "<group>";
		};
		987CA31420A5D5940008AC87 /* lanced2 */ = {
			isa = PBXGroup;
			children = (
				987CA31520A5D5940008AC87 /* AppDelegate.h */,
				987CA31620A5D5940008AC87 /* AppDelegate.m */,
				987CA31820A5D5940008AC87 /* Assets.xcassets */,
				987CA31A20A5D5940008AC87 /* MainMenu.xib */,
				987CA31D20A5D5940008AC87 /* Info.plist */,
				987CA31E20A5D5940008AC87 /* main.m */,
			);
			path = lanced2;
			sourceTree = "<group>";
		};
		98AB70CD200D0237006FA54C /* superProtector */ = {
			isa = PBXGroup;
			children = (
				98AB70CE200D045A006FA54C /* LDSuperProtector.h */,
				98AB70CF200D045A006FA54C /* LDSuperProtector.m */,
			);
			name = superProtector;
			sourceTree = "<group>";
		};
		98DF00242005237600B4B3C2 /* processKeeper */ = {
			isa = PBXGroup;
			children = (
				98DF00262005238800B4B3C2 /* LDProcessKeeper.h */,
				98DF00252005238800B4B3C2 /* LDProcessKeeper.mm */,
			);
			name = processKeeper;
			sourceTree = "<group>";
		};
		98F634C92000963700196023 = {
			isa = PBXGroup;
			children = (
				98F634D42000963700196023 /* lanced */,
				987CA31420A5D5940008AC87 /* lanced2 */,
				98F634D32000963700196023 /* Products */,
			);
			sourceTree = "<group>";
		};
		98F634D32000963700196023 /* Products */ = {
			isa = PBXGroup;
			children = (
				98F634D22000963700196023 /* lanced */,
				987CA31320A5D5940008AC87 /* lanced2.app */,
			);
			name = Products;
			sourceTree = "<group>";
		};
		98F634D42000963700196023 /* lanced */ = {
			isa = PBXGroup;
			children = (
				98AB70CD200D0237006FA54C /* superProtector */,
				9800156C2006346200785AF8 /* localConfigure */,
				98DF00242005237600B4B3C2 /* processKeeper */,
				98F634E020009EE900196023 /* fileKeeper */,
				98AB70E8200E2CBE006FA54C /* RunScript.h */,
				98AB70E7200E2CBD006FA54C /* RunScript.m */,
				98F634D52000963700196023 /* main.m */,
				98AB70EA200E4504006FA54C /* LDConfigure.plist */,
			);
			path = lanced;
			sourceTree = "<group>";
		};
		98F634E020009EE900196023 /* fileKeeper */ = {
			isa = PBXGroup;
			children = (
				98F634E220009EFE00196023 /* VDKQueue.h */,
				98F634E120009EFE00196023 /* VDKQueue.m */,
				98F634DC2000988E00196023 /* LDFileKeeper.h */,
				98F634DD2000988E00196023 /* LDFileKeeper.m */,
			);
			name = fileKeeper;
			sourceTree = "<group>";
		};
/* End PBXGroup section */

/* Begin PBXNativeTarget section */
		987CA31220A5D5940008AC87 /* lanced2 */ = {
			isa = PBXNativeTarget;
			buildConfigurationList = 987CA32320A5D5940008AC87 /* Build configuration list for PBXNativeTarget "lanced2" */;
			buildPhases = (
				987CA30F20A5D5940008AC87 /* Sources */,
				987CA31020A5D5940008AC87 /* Frameworks */,
				987CA31120A5D5940008AC87 /* Resources */,
			);
			buildRules = (
			);
			dependencies = (
			);
			name = lanced2;
			productName = lanced2;
			productReference = 987CA31320A5D5940008AC87 /* lanced2.app */;
			productType = "com.apple.product-type.application";
		};
		98F634D12000963700196023 /* lanced */ = {
			isa = PBXNativeTarget;
			buildConfigurationList = 98F634D92000963700196023 /* Build configuration list for PBXNativeTarget "lanced" */;
			buildPhases = (
				98F634CE2000963700196023 /* Sources */,
				98F634CF2000963700196023 /* Frameworks */,
				98F634D02000963700196023 /* CopyFiles */,
			);
			buildRules = (
			);
			dependencies = (
			);
			name = lanced;
			productName = lanced;
			productReference = 98F634D22000963700196023 /* lanced */;
			productType = "com.apple.product-type.tool";
		};
/* End PBXNativeTarget section */

/* Begin PBXProject section */
		98F634CA2000963700196023 /* Project object */ = {
			isa = PBXProject;
			attributes = {
				LastUpgradeCheck = 0910;
				ORGANIZATIONNAME = Jovi;
				TargetAttributes = {
					987CA31220A5D5940008AC87 = {
						CreatedOnToolsVersion = 9.1;
						ProvisioningStyle = Automatic;
						SystemCapabilities = {
							com.apple.Sandbox = {
								enabled = 0;
							};
						};
					};
					98F634D12000963700196023 = {
						CreatedOnToolsVersion = 9.1;
						ProvisioningStyle = Automatic;
					};
				};
			};
			buildConfigurationList = 98F634CD2000963700196023 /* Build configuration list for PBXProject "lanced" */;
			compatibilityVersion = "Xcode 8.0";
			developmentRegion = en;
			hasScannedForEncodings = 0;
			knownRegions = (
				en,
				Base,
			);
			mainGroup = 98F634C92000963700196023;
			productRefGroup = 98F634D32000963700196023 /* Products */;
			projectDirPath = "";
			projectRoot = "";
			targets = (
				98F634D12000963700196023 /* lanced */,
				987CA31220A5D5940008AC87 /* lanced2 */,
			);
		};
/* End PBXProject section */

/* Begin PBXResourcesBuildPhase section */
		987CA31120A5D5940008AC87 /* Resources */ = {
			isa = PBXResourcesBuildPhase;
			buildActionMask = 2147483647;
			files = (
				987CA31920A5D5940008AC87 /* Assets.xcassets in Resources */,
				987CA31C20A5D5940008AC87 /* MainMenu.xib in Resources */,
			);
			runOnlyForDeploymentPostprocessing = 0;
		};
/* End PBXResourcesBuildPhase section */

/* Begin PBXSourcesBuildPhase section */
		987CA30F20A5D5940008AC87 /* Sources */ = {
			isa = PBXSourcesBuildPhase;
			buildActionMask = 2147483647;
			files = (
				987CA32420A5D8ED0008AC87 /* LDSuperProtector.m in Sources */,
				987CA32520A5D8ED0008AC87 /* LDLocalConfigure.m in Sources */,
				987CA32620A5D8ED0008AC87 /* LDProcessKeeper.mm in Sources */,
				987CA32720A5D8ED0008AC87 /* VDKQueue.m in Sources */,
				987CA32820A5D8ED0008AC87 /* LDFileKeeper.m in Sources */,
				987CA32920A5D8ED0008AC87 /* RunScript.m in Sources */,
				987CA31F20A5D5940008AC87 /* main.m in Sources */,
				987CA31720A5D5940008AC87 /* AppDelegate.m in Sources */,
			);
			runOnlyForDeploymentPostprocessing = 0;
		};
		98F634CE2000963700196023 /* Sources */ = {
			isa = PBXSourcesBuildPhase;
			buildActionMask = 2147483647;
			files = (
				98AB70E9200E2CBE006FA54C /* RunScript.m in Sources */,
				98F634D62000963700196023 /* main.m in Sources */,
				98DF00272005238800B4B3C2 /* LDProcessKeeper.mm in Sources */,
				98F634DE2000988E00196023 /* LDFileKeeper.m in Sources */,
				9800156F2006372D00785AF8 /* LDLocalConfigure.m in Sources */,
				98AB70D0200D045A006FA54C /* LDSuperProtector.m in Sources */,
				98F634E320009EFE00196023 /* VDKQueue.m in Sources */,
			);
			runOnlyForDeploymentPostprocessing = 0;
		};
/* End PBXSourcesBuildPhase section */

/* Begin PBXVariantGroup section */
		987CA31A20A5D5940008AC87 /* MainMenu.xib */ = {
			isa = PBXVariantGroup;
			children = (
				987CA31B20A5D5940008AC87 /* Base */,
			);
			name = MainMenu.xib;
			sourceTree = "<group>";
		};
/* End PBXVariantGroup section */

/* Begin XCBuildConfiguration section */
		987CA32120A5D5940008AC87 /* Debug */ = {
			isa = XCBuildConfiguration;
			buildSettings = {
				ASSETCATALOG_COMPILER_APPICON_NAME = AppIcon;
				CODE_SIGN_STYLE = Automatic;
				COMBINE_HIDPI_IMAGES = YES;
				INFOPLIST_FILE = lanced2/Info.plist;
				LD_RUNPATH_SEARCH_PATHS = "$(inherited) @executable_path/../Frameworks";
				MACOSX_DEPLOYMENT_TARGET = 10.7;
				PRODUCT_BUNDLE_IDENTIFIER = com.HyperartFlow.lanced2;
				PRODUCT_NAME = "$(TARGET_NAME)";
			};
			name = Debug;
		};
		987CA32220A5D5940008AC87 /* Release */ = {
			isa = XCBuildConfiguration;
			buildSettings = {
				ASSETCATALOG_COMPILER_APPICON_NAME = AppIcon;
				CODE_SIGN_STYLE = Automatic;
				COMBINE_HIDPI_IMAGES = YES;
				INFOPLIST_FILE = lanced2/Info.plist;
				LD_RUNPATH_SEARCH_PATHS = "$(inherited) @executable_path/../Frameworks";
				MACOSX_DEPLOYMENT_TARGET = 10.7;
				PRODUCT_BUNDLE_IDENTIFIER = com.HyperartFlow.lanced2;
				PRODUCT_NAME = "$(TARGET_NAME)";
			};
			name = Release;
		};
		98F634D72000963700196023 /* Debug */ = {
			isa = XCBuildConfiguration;
			buildSettings = {
				ALWAYS_SEARCH_USER_PATHS = NO;
				CLANG_ANALYZER_NONNULL = YES;
				CLANG_ANALYZER_NUMBER_OBJECT_CONVERSION = YES_AGGRESSIVE;
				CLANG_CXX_LANGUAGE_STANDARD = "gnu++14";
				CLANG_CXX_LIBRARY = "libc++";
				CLANG_ENABLE_MODULES = YES;
				CLANG_ENABLE_OBJC_ARC = YES;
				CLANG_WARN_BLOCK_CAPTURE_AUTORELEASING = YES;
				CLANG_WARN_BOOL_CONVERSION = YES;
				CLANG_WARN_COMMA = YES;
				CLANG_WARN_CONSTANT_CONVERSION = YES;
				CLANG_WARN_DIRECT_OBJC_ISA_USAGE = YES_ERROR;
				CLANG_WARN_DOCUMENTATION_COMMENTS = YES;
				CLANG_WARN_EMPTY_BODY = YES;
				CLANG_WARN_ENUM_CONVERSION = YES;
				CLANG_WARN_INFINITE_RECURSION = YES;
				CLANG_WARN_INT_CONVERSION = YES;
				CLANG_WARN_NON_LITERAL_NULL_CONVERSION = YES;
				CLANG_WARN_OBJC_LITERAL_CONVERSION = YES;
				CLANG_WARN_OBJC_ROOT_CLASS = YES_ERROR;
				CLANG_WARN_RANGE_LOOP_ANALYSIS = YES;
				CLANG_WARN_STRICT_PROTOTYPES = YES;
				CLANG_WARN_SUSPICIOUS_MOVE = YES;
				CLANG_WARN_UNGUARDED_AVAILABILITY = YES_AGGRESSIVE;
				CLANG_WARN_UNREACHABLE_CODE = YES;
				CLANG_WARN__DUPLICATE_METHOD_MATCH = YES;
				CODE_SIGN_IDENTITY = "-";
				COPY_PHASE_STRIP = NO;
				DEBUG_INFORMATION_FORMAT = dwarf;
				ENABLE_STRICT_OBJC_MSGSEND = YES;
				ENABLE_TESTABILITY = YES;
				GCC_C_LANGUAGE_STANDARD = gnu11;
				GCC_DYNAMIC_NO_PIC = NO;
				GCC_NO_COMMON_BLOCKS = YES;
				GCC_OPTIMIZATION_LEVEL = 0;
				GCC_PREPROCESSOR_DEFINITIONS = (
					"DEBUG=1",
					"$(inherited)",
				);
				GCC_WARN_64_TO_32_BIT_CONVERSION = YES;
				GCC_WARN_ABOUT_RETURN_TYPE = YES_ERROR;
				GCC_WARN_UNDECLARED_SELECTOR = YES;
				GCC_WARN_UNINITIALIZED_AUTOS = YES_AGGRESSIVE;
				GCC_WARN_UNUSED_FUNCTION = YES;
				GCC_WARN_UNUSED_VARIABLE = YES;
				MACOSX_DEPLOYMENT_TARGET = 10.13;
				MTL_ENABLE_DEBUG_INFO = YES;
				ONLY_ACTIVE_ARCH = YES;
				SDKROOT = macosx;
			};
			name = Debug;
		};
		98F634D82000963700196023 /* Release */ = {
			isa = XCBuildConfiguration;
			buildSettings = {
				ALWAYS_SEARCH_USER_PATHS = NO;
				CLANG_ANALYZER_NONNULL = YES;
				CLANG_ANALYZER_NUMBER_OBJECT_CONVERSION = YES_AGGRESSIVE;
				CLANG_CXX_LANGUAGE_STANDARD = "gnu++14";
				CLANG_CXX_LIBRARY = "libc++";
				CLANG_ENABLE_MODULES = YES;
				CLANG_ENABLE_OBJC_ARC = YES;
				CLANG_WARN_BLOCK_CAPTURE_AUTORELEASING = YES;
				CLANG_WARN_BOOL_CONVERSION = YES;
				CLANG_WARN_COMMA = YES;
				CLANG_WARN_CONSTANT_CONVERSION = YES;
				CLANG_WARN_DIRECT_OBJC_ISA_USAGE = YES_ERROR;
				CLANG_WARN_DOCUMENTATION_COMMENTS = YES;
				CLANG_WARN_EMPTY_BODY = YES;
				CLANG_WARN_ENUM_CONVERSION = YES;
				CLANG_WARN_INFINITE_RECURSION = YES;
				CLANG_WARN_INT_CONVERSION = YES;
				CLANG_WARN_NON_LITERAL_NULL_CONVERSION = YES;
				CLANG_WARN_OBJC_LITERAL_CONVERSION = YES;
				CLANG_WARN_OBJC_ROOT_CLASS = YES_ERROR;
				CLANG_WARN_RANGE_LOOP_ANALYSIS = YES;
				CLANG_WARN_STRICT_PROTOTYPES = YES;
				CLANG_WARN_SUSPICIOUS_MOVE = YES;
				CLANG_WARN_UNGUARDED_AVAILABILITY = YES_AGGRESSIVE;
				CLANG_WARN_UNREACHABLE_CODE = YES;
				CLANG_WARN__DUPLICATE_METHOD_MATCH = YES;
				CODE_SIGN_IDENTITY = "-";
				COPY_PHASE_STRIP = NO;
				DEBUG_INFORMATION_FORMAT = "dwarf-with-dsym";
				ENABLE_NS_ASSERTIONS = NO;
				ENABLE_STRICT_OBJC_MSGSEND = YES;
				GCC_C_LANGUAGE_STANDARD = gnu11;
				GCC_NO_COMMON_BLOCKS = YES;
				GCC_WARN_64_TO_32_BIT_CONVERSION = YES;
				GCC_WARN_ABOUT_RETURN_TYPE = YES_ERROR;
				GCC_WARN_UNDECLARED_SELECTOR = YES;
				GCC_WARN_UNINITIALIZED_AUTOS = YES_AGGRESSIVE;
				GCC_WARN_UNUSED_FUNCTION = YES;
				GCC_WARN_UNUSED_VARIABLE = YES;
				MACOSX_DEPLOYMENT_TARGET = 10.13;
				MTL_ENABLE_DEBUG_INFO = NO;
				SDKROOT = macosx;
			};
			name = Release;
		};
		98F634DA2000963700196023 /* Debug */ = {
			isa = XCBuildConfiguration;
			buildSettings = {
				CODE_SIGN_STYLE = Automatic;
				MACOSX_DEPLOYMENT_TARGET = 10.7;
				PRODUCT_NAME = "$(TARGET_NAME)";
			};
			name = Debug;
		};
		98F634DB2000963700196023 /* Release */ = {
			isa = XCBuildConfiguration;
			buildSettings = {
				CODE_SIGN_STYLE = Automatic;
				MACOSX_DEPLOYMENT_TARGET = 10.7;
				PRODUCT_NAME = "$(TARGET_NAME)";
			};
			name = Release;
		};
/* End XCBuildConfiguration section */

/* Begin XCConfigurationList section */
		987CA32320A5D5940008AC87 /* Build configuration list for PBXNativeTarget "lanced2" */ = {
			isa = XCConfigurationList;
			buildConfigurations = (
				987CA32120A5D5940008AC87 /* Debug */,
				987CA32220A5D5940008AC87 /* Release */,
			);
			defaultConfigurationIsVisible = 0;
			defaultConfigurationName = Release;
		};
		98F634CD2000963700196023 /* Build configuration list for PBXProject "lanced" */ = {
			isa = XCConfigurationList;
			buildConfigurations = (
				98F634D72000963700196023 /* Debug */,
				98F634D82000963700196023 /* Release */,
			);
			defaultConfigurationIsVisible = 0;
			defaultConfigurationName = Release;
		};
		98F634D92000963700196023 /* Build configuration list for PBXNativeTarget "lanced" */ = {
			isa = XCConfigurationList;
			buildConfigurations = (
				98F634DA2000963700196023 /* Debug */,
				98F634DB2000963700196023 /* Release */,
			);
			defaultConfigurationIsVisible = 0;
			defaultConfigurationName = Release;
		};
/* End XCConfigurationList section */
	};
	rootObject = 98F634CA2000963700196023 /* Project object */;
}
